[[package]]
category = "main"
description = "ASGI specs, helper code, and adapters"
name = "asgiref"
optional = false
python-versions = "*"
version = "3.2.3"

[[package]]
category = "main"
description = "Python package for providing Mozilla's CA Bundle."
name = "certifi"
optional = false
python-versions = "*"
version = "2019.11.28"

[[package]]
category = "main"
description = "Universal encoding detector for Python 2 and 3"
name = "chardet"
optional = false
python-versions = "*"
version = "3.0.4"

[[package]]
category = "main"
description = "XML bomb protection for Python stdlib modules"
marker = "python_version >= \"3.0\""
name = "defusedxml"
optional = false
python-versions = ">=2.7, !=3.0.*, !=3.1.*, !=3.2.*, !=3.3.*, !=3.4.*"
version = "0.6.0"

[[package]]
category = "main"
description = "A high-level Python Web framework that encourages rapid development and clean, pragmatic design."
name = "django"
optional = false
python-versions = ">=3.6"
version = "3.0.2"

[package.dependencies]
asgiref = ">=3.2,<4.0"
pytz = "*"
sqlparse = ">=0.2.2"

[[package]]
category = "main"
description = "Internationalized Domain Names in Applications (IDNA)"
name = "idna"
optional = false
python-versions = ">=2.7, !=3.0.*, !=3.1.*, !=3.2.*, !=3.3.*"
version = "2.9"

[[package]]
category = "main"
description = "A generic, spec-compliant, thorough implementation of the OAuth request-signing logic"
name = "oauthlib"
optional = false
python-versions = ">=2.7, !=3.0.*, !=3.1.*, !=3.2.*, !=3.3.*"
version = "3.1.0"

[[package]]
category = "main"
description = "JSON Web Token implementation in Python"
name = "pyjwt"
optional = false
python-versions = "*"
version = "1.7.1"

[[package]]
category = "main"
description = "OpenID support for modern servers and consumers."
marker = "python_version >= \"3.0\""
name = "python3-openid"
optional = false
python-versions = "*"
version = "3.1.0"

[package.dependencies]
defusedxml = "*"

[[package]]
category = "main"
description = "World timezone definitions, modern and historical"
name = "pytz"
optional = false
python-versions = "*"
version = "2019.3"

[[package]]
category = "main"
description = "Python HTTP for Humans."
name = "requests"
optional = false
python-versions = ">=2.7, !=3.0.*, !=3.1.*, !=3.2.*, !=3.3.*, !=3.4.*"
version = "2.23.0"

[package.dependencies]
certifi = ">=2017.4.17"
chardet = ">=3.0.2,<4"
idna = ">=2.5,<3"
urllib3 = ">=1.21.1,<1.25.0 || >1.25.0,<1.25.1 || >1.25.1,<1.26"

[[package]]
category = "main"
description = "OAuthlib authentication support for Requests."
name = "requests-oauthlib"
optional = false
python-versions = ">=2.7, !=3.0.*, !=3.1.*, !=3.2.*, !=3.3.*"
version = "1.3.0"

[package.dependencies]
oauthlib = ">=3.0.0"
requests = ">=2.0.0"

[[package]]
category = "main"
description = "Python 2 and 3 compatibility utilities"
name = "six"
optional = false
python-versions = ">=2.7, !=3.0.*, !=3.1.*, !=3.2.*"
version = "1.14.0"

[[package]]
category = "main"
description = "Python Social Authentication, Django integration."
name = "social-auth-app-django"
optional = false
python-versions = "*"
version = "3.1.0"

[package.dependencies]
six = "*"
social-auth-core = ">=1.2.0"

[[package]]
category = "main"
description = "Python social authentication made simple."
name = "social-auth-core"
optional = false
python-versions = "*"
version = "3.2.0"

[package.dependencies]
PyJWT = ">=1.4.0"
oauthlib = ">=1.0.3"
requests = ">=2.9.1"
requests-oauthlib = ">=0.6.1"
six = ">=1.10.0"

[package.dependencies.defusedxml]
python = ">=3.0"
version = ">=0.5.0rc1"

[package.dependencies.python3-openid]
python = ">=3.0"
version = ">=3.0.10"

[[package]]
category = "main"
description = "Non-validating SQL parser"
name = "sqlparse"
optional = false
python-versions = ">=2.7, !=3.0.*, !=3.1.*, !=3.2.*, !=3.3.*"
version = "0.3.0"

[[package]]
category = "main"
description = "HTTP library with thread-safe connection pooling, file post, and more."
name = "urllib3"
optional = false
python-versions = ">=2.7, !=3.0.*, !=3.1.*, !=3.2.*, !=3.3.*, !=3.4.*, <4"
version = "1.25.8"

[metadata]
content-hash = "a786dc3058cf91165fcfefeebaca33b1297f66e3307412031c598ffa0e356fa0"
python-versions = "^3.7"

[metadata.hashes]
asgiref = ["7e06d934a7718bf3975acbf87780ba678957b87c7adc056f13b6215d610695a0", "ea448f92fc35a0ef4b1508f53a04c4670255a3f33d22a81c8fc9c872036adbe5"]
certifi = ["017c25db2a153ce562900032d5bc68e9f191e44e9a0f762f373977de9df1fbb3", "25b64c7da4cd7479594d035c08c2d809eb4aab3a26e5a990ea98cc450c320f1f"]
chardet = ["84ab92ed1c4d4f16916e05906b6b75a6c0fb5db821cc65e70cbd64a3e2a5eaae", "fc323ffcaeaed0e0a02bf4d117757b98aed530d9ed4531e3e15460124c106691"]
defusedxml = ["6687150770438374ab581bb7a1b327a847dd9c5749e396102de3fad4e8a3ef93", "f684034d135af4c6cbb949b8a4d2ed61634515257a67299e5f940fbaa34377f5"]
django = ["4f2c913303be4f874015993420bf0bd8fd2097a9c88e6b49c6a92f9bdd3fb13a", "8c3575f81e11390893860d97e1e0154c47512f180ea55bd84ce8fa69ba8051ca"]
idna = ["7588d1c14ae4c77d74036e8c22ff447b26d0fde8f007354fd48a7814db15b7cb", "a068a21ceac8a4d63dbfd964670474107f541babbd2250d61922f029858365fa"]
oauthlib = ["bee41cc35fcca6e988463cacc3bcb8a96224f470ca547e697b604cc697b2f889", "df884cd6cbe20e32633f1db1072e9356f53638e4361bef4e8b03c9127c9328ea"]
pyjwt = ["5c6eca3c2940464d106b99ba83b00c6add741c9becaec087fb7ccdefea71350e", "8d59a976fb773f3e6a39c85636357c4f0e242707394cadadd9814f5cbaa20e96"]
python3-openid = ["0086da6b6ef3161cfe50fb1ee5cceaf2cda1700019fda03c2c5c440ca6abe4fa", "628d365d687e12da12d02c6691170f4451db28d6d68d050007e4a40065868502"]
pytz = ["1c557d7d0e871de1f5ccd5833f60fb2550652da6be2693c1e02300743d21500d", "b02c06db6cf09c12dd25137e563b31700d3b80fcc4ad23abb7a315f2789819be"]
requests = ["43999036bfa82904b6af1d99e4882b560e5e2c68e5c4b0aa03b655f3d7d73fee", "b3f43d496c6daba4493e7c431722aeb7dbc6288f52a6e04e7b6023b0247817e6"]
requests-oauthlib = ["7f71572defaecd16372f9006f33c2ec8c077c3cfa6f5911a9a90202beb513f3d", "b4261601a71fd721a8bd6d7aa1cc1d6a8a93b4a9f5e96626f8e4d91e8beeaa6a", "fa6c47b933f01060936d87ae9327fead68768b69c6c9ea2109c48be30f2d4dbc"]
six = ["236bdbdce46e6e6a3d61a337c0f8b763ca1e8717c03b369e87a7ec7ce1319c0a", "8f3cd2e254d8f793e7f3d6d9df77b92252b52637291d0f0da013c76ea2724b6c"]
social-auth-app-django = ["6d0dd18c2d9e71ca545097d57b44d26f59e624a12833078e8e52f91baf849778", "9237e3d7b6f6f59494c3b02e0cce6efc69c9d33ad9d1a064e3b2318bcbe89ae3", "f151396e5b16e2eee12cd2e211004257826ece24fc4ae97a147df386c1cd7082"]
social-auth-core = ["47cd2458c8fefd02466b0c514643e02ad8b61d8b4b69f7573e80882e3a97b0f0", "8320666548a532eb158968eda542bbe1863682357c432d8c4e28034a7f1e3b58", "d81ed681e3c0722300b61a0792c5db5d21206793f95ca810f010c1cc931c8d89"]
sqlparse = ["40afe6b8d4b1117e7dff5504d7a8ce07d9a1b15aeeade8a2d10f130a834f8177", "7c3dca29c022744e95b547e867cee89f4fce4373f3549ccd8797d8eb52cdb873"]
urllib3 = ["2f3db8b19923a873b3e5256dc9c2dedfa883e33d87c690d9c7913e1f40673cdc", "87716c2d2a7121198ebcb7ce7cccf6ce5e9ba539041cfbaeecfb641dc0bf6acc"]
